github.com/Pauloo27/go-mpris v0.0.0-20200716193135-409b2b9e4720 h1:bS/iIOlVjRE1IYsb8AKyZtR5x+LqZ52Rt+uKzWLV9hI=
github.com/Pauloo27/go-mpris v0.0.0-20200716193135-409b2b9e4720/go.mod h1:Bp7LmGYphh0aq8rCIOrB2sckiY5M+6N3oc6Jt6FlqNs=
github.com/Pauloo27/go-mpris v0.0.0-20200716195957-22be0351ce84 h1:skNoRq60mAbGZvq9AA/wdjg0b7TtW2TkVj0ww6dypF4=
github.com/Pauloo27/go-mpris v0.0.0-20200716195957-22be0351ce84/go.mod h1:Bp7LmGYphh0aq8rCIOrB2sckiY5M+6N3oc6Jt6FlqNs=
github.com/Pauloo27/go-mpris v0.0.0-20200716205627-88fab95ff55b h1:9V8Q7wvv4gHnA24y4PmH+Y1DRTlLhvBH1F5ea09mu4Q=
github.com/Pauloo27/go-mpris v0.0.0-20200716205627-88fab95ff55b/go.mod h1:Bp7LmGYphh0aq8rCIOrB2sckiY5M+6N3oc6Jt6FlqNs=
github.com/Pauloo27/go-mpris v0.0.1 h1:w6dz55n1yGqnrQyvpXIRgD6SPsaj7cjr4plNHw0G5jI=
github.com/Pauloo27/go-mpris v0.0.1/go.mod h1:Bp7LmGYphh0aq8rCIOrB2sckiY5M+6N3oc6Jt6FlqNs=
github.com/Pauloo27/go-mpris v0.0.2 h1:cXgNpWZQ49UrfCec8UdX4GuRUF/NFXk/xFY9q/sYiNc=
github.com/Pauloo27/go-mpris v0.0.2/go.mod h1:Bp7LmGYphh0aq8rCIOrB2sckiY5M+6N3oc6Jt6FlqNs=
github.com/Pauloo27/go-mpris v0.0.3 h1:OmNLbjrmjTYmIDSNN0Pe62PM8N0EtZUvrf0a4CbLZDU=
github.com/Pauloo27/go-mpris v0.0.3/go.mod h1:Bp7LmGYphh0aq8rCIOrB2sckiY5M+6N3oc6Jt6FlqNs=
github.com/Pauloo27/go-mpris v0.0.4 h1:sCJSREdUXidp/RkFHlw7Ki7DdcWTx9XkJkPEyFjASJU=
github.com/Pauloo27/go-mpris v0.0.4/go.mod h1:Bp7LmGYphh0aq8rCIOrB2sckiY5M+6N3oc6Jt6FlqNs=
github.com/godbus/dbus v4.1.0+incompatible h1:WqqLRTsQic3apZUK9qC5sGNfXthmPXzUZ7nQPrNITa4=
github.com/godbus/dbus v4.1.0+incompatible/go.mod h1:/YcGZj5zSblfDWMMoOzV4fas9FZnQYTkDnsGvmh2Grw=
github.com/gotk3/gotk3 v0.4.0 h1:TIuhyQitGeRTxOQIV3AJlYtEWWJpC74JHwAIsxlH8MU=
github.com/gotk3/gotk3 v0.4.0/go.mod h1:Eew3QBwAOBTrfFFDmsDE5wZWbcagBL1NUslj1GhRveo=
